{
  "name": "angular-components-web",
  "version": "1.0.0",
  "lockfileVersion": 1,
  "requires": true,
  "dependencies": {
    "jnelson-ae-appointment-calendar": {
      "version": "1.1.1",
      "resolved": "https://registry.npmjs.org/jnelson-ae-appointment-calendar/-/jnelson-ae-appointment-calendar-1.1.1.tgz",
      "integrity": "sha512-IwUkfyEmX94EUoR1CLzciHAl3D8J23dFmvbUZCSYdCz5phtVT9UsgQ4cX7PpfmKRHnovwzkAEYc/m0kSMkEQNg=="
    },
    "jnelson-ae-event-listener": {
      "version": "1.0.2",
      "resolved": "https://registry.npmjs.org/jnelson-ae-event-listener/-/jnelson-ae-event-listener-1.0.2.tgz",
      "integrity": "sha512-vb52SF9zWqirqHaB2AvykyLe7SdGevR2ZGOcuRvG51wAaFrj6HRE8w3ONShd3MZr1ME+kjHWGSJhCxaiJsUiyg=="
    },
    "jnelson-ae-user-poll": {
      "version": "1.0.5",
      "resolved": "https://registry.npmjs.org/jnelson-ae-user-poll/-/jnelson-ae-user-poll-1.0.5.tgz",
      "integrity": "sha512-+rWiOsRVM+rWcmVdgUv3NkGgq+KrkI7q4o8cIkZ0I5Z45ZaoQgglA36qaW7+e/4p5GUgZr5G7BD0b6LTxaAzMg=="
    }
  }
}
